github.com/davecgh/go-spew v1.1.1 h1:vj9j/u1bqnvCEfJOwUhtlOARqs3+rkHYY13jYWTU97c=
github.com/davecgh/go-spew v1.1.1/go.mod h1:J7Y8YcW2NihsgmVo/mv3lAwl/skON4iLHjSsI+c5H38=
github.com/go-logr/logr v1.2.2/go.mod h1:jdQByPbusPIv2/zmleS9BjJVeZ6kBagPoEUsqbVz/1A=
github.com/go-logr/logr v1.4.1 h1:pKouT5E8xu9zeFC39JXRDukb6JFQPXM5p5I91188VAQ=
github.com/go-logr/logr v1.4.1/go.mod h1:9T104GzyrTigFIr8wt5mBrctHMim0Nb2HLGrmQ40KvY=
github.com/go-logr/stdr v1.2.2 h1:hSWxHoqTgW2S2qGc0LTAI563KZ5YKYRhT3MFKZMbjag=
github.com/go-logr/stdr v1.2.2/go.mod h1:mMo/vtBO5dYbehREoey6XUKy/eSumjCCveDpRre4VKE=
github.com/google/go-cmp v0.6.0 h1:ofyhxvXcZhMsU5ulbFiLKl/XBFqE1GSq7atu8tAmTRI=
github.com/google/go-cmp v0.6.0/go.mod h1:17dUlkBOakJ0+DkrSSNjCkIjxS6bF9zb3elmeNGIjoY=
github.com/pmezard/go-difflib v1.0.0 h1:4DBwDE0NGyQoBHbLQYPwSUPoCMWR5BEzIk/f1lZbAQM=
github.com/pmezard/go-difflib v1.0.0/go.mod h1:iKH77koFhYxTK1pcRnkKkqfTogsbg7gZNVY4sRDYZ/4=
github.com/stretchr/testify v1.8.4 h1:CcVxjf3Q8PM0mHUKJCdn+eZZtm5yQwehR5yeSVQQcUk=
github.com/stretchr/testify v1.8.4/go.mod h1:sz/lmYIOXD/1dqDmKjjqLyZ2RngseejIcXlSw2iwfAo=
go.opentelemetry.io/otel v1.23.0-rc.1 h1:eIGbuHdW75X7KQSd7WpXYgS1Iwe+18vQxFenkRk5K5E=
go.opentelemetry.io/otel v1.23.0-rc.1/go.mod h1:06VVpzu9fzL3H1BTLZQ1kpC/Y41EQNo5cDMsV6O80jI=
go.opentelemetry.io/otel/exporters/stdout/stdouttrace v1.22.0 h1:zr8ymM5OWWjjiWRzwTfZ67c905+2TMHYp2lMJ52QTyM=
go.opentelemetry.io/otel/exporters/stdout/stdouttrace v1.22.0/go.mod h1:sQs7FT2iLVJ+67vYngGJkPe1qr39IzaBzaj9IDNNY8k=
go.opentelemetry.io/otel/metric v1.23.0-rc.1 h1:A2t8VfQCuGL/DjA3pEXoqzJ6mFgxLttCec8BFShlCQE=
go.opentelemetry.io/otel/metric v1.23.0-rc.1/go.mod h1:nq54itv7Gh7nU0zDQ9bMoBFqEry1DC9yjloUUMmnFZI=
go.opentelemetry.io/otel/sdk v1.22.0 h1:6coWHw9xw7EfClIC/+O31R8IY3/+EiRFHevmHafB2Gw=
go.opentelemetry.io/otel/sdk v1.22.0/go.mod h1:iu7luyVGYovrRpe2fmj3CVKouQNdTOkxtLzPvPz1DOc=
go.opentelemetry.io/otel/trace v1.23.0-rc.1 h1:zA5tq4Mev4r4dvKxFmzIjxibe/UMwjMHMkbrOENwnFQ=
go.opentelemetry.io/otel/trace v1.23.0-rc.1/go.mod h1:vqMYXV//qeU9rT+yWHVSWQ1MhjnVfiERL594PcPcThg=
golang.org/x/sys v0.16.0 h1:xWw16ngr6ZMtmxDyKyIgsE93KNKz5HKmMa3b8ALHidU=
golang.org/x/sys v0.16.0/go.mod h1:/VUhepiaJMQUp4+oa/7Zr1D23ma6VTLIYjOOTFZPUcA=
gopkg.in/yaml.v3 v3.0.1 h1:fxVm/GzAzEWqLHuvctI91KS9hhNmmWOoWu0XTYJS7CA=
gopkg.in/yaml.v3 v3.0.1/go.mod h1:K4uyk7z7BCEPqu6E+C64Yfv1cQ7kz7rIZviUmN+EgEM=
